{
  "version": 1,
  "dependencies": {
    ".NETFramework,Version=v4.6.2": {
      "BepInEx.Core": {
        "type": "Direct",
        "requested": "[5.4.17, )",
        "resolved": "5.4.17",
        "contentHash": "f0UCf6tZxdhPrcHAgj/wQNz5V9RAAV0elgvgaFl8wFjaEdiKLxepkxdV0Y8Xuprm+AVrQUGcaSIhTBQvpRzk+g==",
        "dependencies": {
          "BepInEx.BaseLib": "5.4.17",
          "HarmonyX": "2.5.5"
        }
      },
      "Digitalroot.CustomMonoBehaviours": {
        "type": "Direct",
        "requested": "[1.0.1, )",
        "resolved": "1.0.1",
        "contentHash": "cEZKR5y5h4yOscSUjekGc58DB3WUtBNRHfjOFz5B3qb1w98YviN05bcyCMLKZkvpXOUVUBZCxdpPyoaw5UYNWQ=="
      },
      "Digitalroot.Valheim.Build.Targets": {
        "type": "Direct",
        "requested": "[1.0.6, )",
        "resolved": "1.0.6",
        "contentHash": "AQKLRxbRMaLH4IKyYkCPIoYhzCyNf6TJHyjW8bqOAdqTvX3Y7eCnx+MKhlKAwE6TC/gYN4F6P6Yh8OoYFEGDEQ=="
      },
      "Digitalroot.Valheim.Common.AssemblyInfo": {
        "type": "Direct",
        "requested": "[1.0.8, )",
        "resolved": "1.0.8",
        "contentHash": "bdZ7FluHAyoNrBKaKC62Yxg4F4TM9ptlNj17QbT1/CWX3kLM6iFyakDar9KagZso0l1NFO8yxmdz1oWlQfy9Ug=="
      },
      "Digitalroot.Valheim.Common.Log": {
        "type": "Direct",
        "requested": "[1.1.16, )",
        "resolved": "1.1.16",
        "contentHash": "8T5S2izio6axGNIMJcKo4bfd0ov2S57obpuAxxgNVPCbNWx8aFB3JtUslC3pZNmH9cGHxlJoLfDCTrhm36rNpw==",
        "dependencies": {
          "Digitalroot.Valheim.Common.Json": "1.0.15"
        }
      },
      "Digitalroot.Valheim.Common.Names": {
        "type": "Direct",
        "requested": "[1.4.7, )",
        "resolved": "1.4.7",
        "contentHash": "z0qU/2vhbq1oSd0CLHm1khgRelalZ7imD/1dtF2N/E4ppQDzTm231T1E7tdOwZbKrngqH/eU9ylwYYIkVbOI5Q==",
        "dependencies": {
          "Digitalroot.Valheim.Common.Utils": "1.0.16"
        }
      },
      "Digitalroot.Valheim.Common.References": {
        "type": "Direct",
        "requested": "[0.205.7, )",
        "resolved": "0.205.7",
        "contentHash": "iUIYAsg5HXZj3S4yhUECEuZJk98X8RG75wkJrlmIvfriwIZgV57wt4S6ym3KQNHvx87sxSbU3raSPMPTSfi0hw=="
      },
      "Digitalroot.Valheim.Common.Utils": {
        "type": "Direct",
        "requested": "[1.0.18, )",
        "resolved": "1.0.18",
        "contentHash": "0ZRi20qHatJL5PgFPuq2x0pPj86t53UygKQka5WlKQfhxWZKWWn+UK+iuteAYGdaFRCVl5t+/gWdx0bs7XxHcw==",
        "dependencies": {
          "Digitalroot.Valheim.Common.Log": "1.1.16",
          "Digitalroot.Valheim.Common.References": "0.205.7"
        }
      },
      "ErrorProne.NET.CoreAnalyzers": {
        "type": "Direct",
        "requested": "[0.1.2, )",
        "resolved": "0.1.2",
        "contentHash": "RQdzUtFVhwLwisP2Du7Ugm7ldwAzc+QJrlZWNIwHXcgq4b5fLwZgdN1203RdYiHS8OOALophC6yWekxu3UgN2g=="
      },
      "Fody": {
        "type": "Direct",
        "requested": "[6.6.0, )",
        "resolved": "6.6.0",
        "contentHash": "NWWM8KiR9DGiAi47q9px9oI27xYBiM5KXxSnI4R5mz2/rG8LIcXJfw5zDLLH1xOgzqRNJgc8KTPQPoiQCidYUw=="
      },
      "FSMSharp.Valheim": {
        "type": "Direct",
        "requested": "[1.0.2, )",
        "resolved": "1.0.2",
        "contentHash": "ONWl7qxfpi1t4L2w10N5WM/QQLjjeLglRyHKwdbuFSCQckr+PFbWgXImVe4hUJNBiwb+9WOo7l2+7dtHikJkAg=="
      },
      "HarmonyX": {
        "type": "Direct",
        "requested": "[2.7.0, )",
        "resolved": "2.7.0",
        "contentHash": "lec/SkduQspMa3Pi/nM/NSvA84Za8HCCWA8ybdToKiTqnBZa+JC5g6rxoFQCg/1vNuYcvjy77edePZzIEsRmvw==",
        "dependencies": {
          "MonoMod.RuntimeDetour": "21.12.13.1"
        }
      },
      "ILMerge.Fody": {
        "type": "Direct",
        "requested": "[1.22.0, )",
        "resolved": "1.22.0",
        "contentHash": "VCWQM8q7wZwHMgksBsFfbImRUmlgn7E6EKkrnUV86/keqBvMTjhlA7mBYtz6Dace8XsJYufYJvRP25uur5W5WA==",
        "dependencies": {
          "Fody": "6.3.0"
        }
      },
      "JotunnLib": {
        "type": "Direct",
        "requested": "[2.4.5, )",
        "resolved": "2.4.5",
        "contentHash": "63xSYrrUmkBpzPXhGrxhYA34W2A5yVYDtdFHOJ4yQBH+4UZvf+4kR9RP1RwQGALtx68HlpK5oxCalfvPvTndUQ==",
        "dependencies": {
          "HarmonyX": "2.5.5",
          "MonoMod": "21.9.19.1"
        }
      },
      "Unity3D": {
        "type": "Direct",
        "requested": "[1.7.0, )",
        "resolved": "1.7.0",
        "contentHash": "60s9alC4gA19hsmPw6oUQOTEJWwIVG92cgut4JU/AUcC0J2I2f/7D47EC0Yu94N5xC901GQIWOruwllOtD9qWQ=="
      },
      "BepInEx.BaseLib": {
        "type": "Transitive",
        "resolved": "5.4.17",
        "contentHash": "92N4BKDiF9KO8kXbY2+zp7dHNXZP3WBKhzw7U8orcYncutD7peHtuLfUdMW4PGY/d0SsoA5eOcBeklFuh7OS8A=="
      },
      "Digitalroot.Valheim.Common.Json": {
        "type": "Transitive",
        "resolved": "1.0.15",
        "contentHash": "AHEPM0ApZBBf1H2TINqbNC7+iIzeYPJepxfYrmDwU20p5pwIC88w7Pm4k9A9UQPbnTeFX4qgtrzVKa3v145D1w==",
        "dependencies": {
          "UnityEngine.Modules": "[2019.4.31]",
          "fastJSON": "2.4.0.4"
        }
      },
      "fastJSON": {
        "type": "Transitive",
        "resolved": "2.4.0.4",
        "contentHash": "lbxY+miTOvCNbNfOk8HcbmBD9F6wv2dRKZlMjtJBm6rjA5vFKXBYtR6eoIe96HnCHOE1nCJbMsaZDKGNPg5mIA=="
      },
      "Mono.Cecil": {
        "type": "Transitive",
        "resolved": "0.11.4",
        "contentHash": "IC1h5g0NeJGHIUgzM1P82ld57knhP0IcQfrYITDPXlNpMYGUrsG5TxuaWTjaeqDNQMBDNZkB8L0rBnwsY6JHuQ=="
      },
      "MonoMod": {
        "type": "Transitive",
        "resolved": "21.9.19.1",
        "contentHash": "9qIjktFWIN+6snxPkII7kGxRZIXz/AEJ38syL7a0Ip/8PwUKc5uhChWeld10P3uDp3A1Zfs2ThFB8yrok9Uyxw==",
        "dependencies": {
          "Mono.Cecil": "0.11.4",
          "MonoMod.Utils": "21.9.19.1"
        }
      },
      "MonoMod.RuntimeDetour": {
        "type": "Transitive",
        "resolved": "21.12.13.1",
        "contentHash": "65mB+bHjT6UCGCgO+/pYhpuGPf96rQ1Whwkut/x7cqVIW0DTndDFyWc/3bngzhnY/Y6IYtBMlXsU2ATq+CxpHg==",
        "dependencies": {
          "Mono.Cecil": "0.11.4",
          "MonoMod.Utils": "21.12.13.1"
        }
      },
      "MonoMod.Utils": {
        "type": "Transitive",
        "resolved": "21.12.13.1",
        "contentHash": "/H+0RMWqx/D1/fSuY5jhY6GFvqhdYdlnI7J3IfL8P6y4nJkoZDxqts6+RxWWOz4pbnJdWnxSjS8XG+Lq6rUi7w==",
        "dependencies": {
          "Mono.Cecil": "0.11.4"
        }
      },
      "UnityEngine.Modules": {
        "type": "Transitive",
        "resolved": "2019.4.31",
        "contentHash": "xZjdfGGzZw6nnrn4auRNis6WnAlsvqY1XXioEGJnSku+CylESgEt/sTLYlrbrQ0srnLfSCfx80vR8z4SsI1EuQ=="
      },
      "digitalroot.valheim.dungeons.common": {
        "type": "Project",
        "dependencies": {
          "Digitalroot.Valheim.Common.Log": "1.1.16",
          "Digitalroot.Valheim.TrapSpawners": "1.0.0",
          "Unity3D": "1.7.0"
        }
      },
      "digitalroot.valheim.trapspawners": {
        "type": "Project",
        "dependencies": {
          "Digitalroot.Valheim.Common.References": "0.205.7",
          "Unity3D": "1.7.0"
        }
      }
    }
  }
}