{
  "version": 1,
  "dependencies": {
    ".NETFramework,Version=v4.6.2": {
      "Digitalroot.Valheim.Common.References": {
        "type": "Direct",
        "requested": "[0.205.6, )",
        "resolved": "0.205.6",
        "contentHash": "zXSnFD/lHssUcRpM/gciECcTNW5CXa/GyWXaqHM5labGjLW4ALui5cxuZuoD5N2pjt98bHLKdGFIm1xGIfO+IA=="
      },
      "ErrorProne.NET.CoreAnalyzers": {
        "type": "Direct",
        "requested": "[0.1.2, )",
        "resolved": "0.1.2",
        "contentHash": "RQdzUtFVhwLwisP2Du7Ugm7ldwAzc+QJrlZWNIwHXcgq4b5fLwZgdN1203RdYiHS8OOALophC6yWekxu3UgN2g=="
      },
      "UnityEngine.Modules": {
        "type": "Direct",
        "requested": "[2019.4.32, 2019.4.32]",
        "resolved": "2019.4.32",
        "contentHash": "7KmS0Nz+s89igz/tDBRk9PEmWqlwReQZf9E6tl6/uV5DndbaR5WInqis4y6Fwq1B++2leamS7qPffnW5+WQwUw=="
      }
    }
  }
}