{
  "version": 1,
  "dependencies": {
    ".NETFramework,Version=v4.6.2": {
      "Digitalroot.Unity3d.Log": {
        "type": "Direct",
        "requested": "[1.0.3, )",
        "resolved": "1.0.3",
        "contentHash": "Sr6HGXqTVpvqNsYnBwetcZko8hXtQJ61KX0lzGWWFXpWBWyOAvRfUs+teceToJKfaQMudoB+XbqVr93uhIJbeA=="
      },
      "Digitalroot.Valheim.Common.Extensions": {
        "type": "Direct",
        "requested": "[1.0.10, )",
        "resolved": "1.0.10",
        "contentHash": "WszoEmBzVigEFVlHcMFotrD+huIVAz5AAb4uhqTtivbAdDw10Ic9/7+q1Y2AYv53Lk0gKrDxl4QgcGSkEbr7EA==",
        "dependencies": {
          "Digitalroot.Valheim.Common.References": "0.204.5"
        }
      },
      "Digitalroot.Valheim.Common.Json": {
        "type": "Direct",
        "requested": "[1.0.15, )",
        "resolved": "1.0.15",
        "contentHash": "AHEPM0ApZBBf1H2TINqbNC7+iIzeYPJepxfYrmDwU20p5pwIC88w7Pm4k9A9UQPbnTeFX4qgtrzVKa3v145D1w==",
        "dependencies": {
          "UnityEngine.Modules": "[2019.4.31]",
          "fastJSON": "2.4.0.4"
        }
      },
      "Digitalroot.Valheim.Common.References": {
        "type": "Direct",
        "requested": "[0.205.7, )",
        "resolved": "0.205.7",
        "contentHash": "iUIYAsg5HXZj3S4yhUECEuZJk98X8RG75wkJrlmIvfriwIZgV57wt4S6ym3KQNHvx87sxSbU3raSPMPTSfi0hw=="
      },
      "ErrorProne.NET.CoreAnalyzers": {
        "type": "Direct",
        "requested": "[0.1.2, )",
        "resolved": "0.1.2",
        "contentHash": "RQdzUtFVhwLwisP2Du7Ugm7ldwAzc+QJrlZWNIwHXcgq4b5fLwZgdN1203RdYiHS8OOALophC6yWekxu3UgN2g=="
      },
      "Fody": {
        "type": "Direct",
        "requested": "[6.6.0, )",
        "resolved": "6.6.0",
        "contentHash": "NWWM8KiR9DGiAi47q9px9oI27xYBiM5KXxSnI4R5mz2/rG8LIcXJfw5zDLLH1xOgzqRNJgc8KTPQPoiQCidYUw=="
      },
      "ILMerge.Fody": {
        "type": "Direct",
        "requested": "[1.22.0, )",
        "resolved": "1.22.0",
        "contentHash": "VCWQM8q7wZwHMgksBsFfbImRUmlgn7E6EKkrnUV86/keqBvMTjhlA7mBYtz6Dace8XsJYufYJvRP25uur5W5WA==",
        "dependencies": {
          "Fody": "6.3.0"
        }
      },
      "UnityEngine.Modules": {
        "type": "Direct",
        "requested": "[2019.4.31, 2019.4.31]",
        "resolved": "2019.4.31",
        "contentHash": "xZjdfGGzZw6nnrn4auRNis6WnAlsvqY1XXioEGJnSku+CylESgEt/sTLYlrbrQ0srnLfSCfx80vR8z4SsI1EuQ=="
      },
      "fastJSON": {
        "type": "Transitive",
        "resolved": "2.4.0.4",
        "contentHash": "lbxY+miTOvCNbNfOk8HcbmBD9F6wv2dRKZlMjtJBm6rjA5vFKXBYtR6eoIe96HnCHOE1nCJbMsaZDKGNPg5mIA=="
      }
    }
  }
}