
Microsoft Visual Studio Solution File, Format Version 12.00
# Visual Studio Version 16
VisualStudioVersion = 16.0.31515.178
MinimumVisualStudioVersion = 10.0.40219.1
Project("{2150E333-8FDC-42A3-9474-1A3956D46DE8}") = "Solution Items", "Solution Items", "{E5C5D2B9-639B-48CF-B5B0-E44FD7F24B1E}"
	ProjectSection(SolutionItems) = preProject
		..\.gitignore = ..\.gitignore
	EndProjectSection
EndProject
Project("{2150E333-8FDC-42A3-9474-1A3956D46DE8}") = ".github", ".github", "{E64D67E6-C2B6-471C-990D-2E9A91427B64}"
	ProjectSection(SolutionItems) = preProject
		..\.github\release-drafter.yml = ..\.github\release-drafter.yml
	EndProjectSection
EndProject
Project("{2150E333-8FDC-42A3-9474-1A3956D46DE8}") = "workflows", "workflows", "{1960DCD1-3C51-48FF-BFF8-5FE4C3CBABB2}"
	ProjectSection(SolutionItems) = preProject
		..\.github\workflows\builder.yml = ..\.github\workflows\builder.yml
		..\.github\workflows\ci.yml = ..\.github\workflows\ci.yml
		..\.github\workflows\drafter.yml = ..\.github\workflows\drafter.yml
		..\.github\workflows\main.yml = ..\.github\workflows\main.yml
		..\.github\workflows\publish.yml = ..\.github\workflows\publish.yml
		..\.github\workflows\quality-gate.yml = ..\.github\workflows\quality-gate.yml
		..\.github\workflows\test-report.yml = ..\.github\workflows\test-report.yml
	EndProjectSection
EndProject
Project("{2150E333-8FDC-42A3-9474-1A3956D46DE8}") = "docs", "docs", "{ECE65B8A-4208-4EC7-AC71-D853048978AA}"
	ProjectSection(SolutionItems) = preProject
		..\docs\LICENSE = ..\docs\LICENSE
		..\docs\README.md = ..\docs\README.md
	EndProjectSection
EndProject
Project("{FAE04EC0-301F-11D3-BF4B-00C04F79EFBC}") = "Digitalroot.Valheim.TrapSpawners", "Digitalroot.Valheim.TrapSpawners\Digitalroot.Valheim.TrapSpawners.csproj", "{56A31091-B241-48FE-98DB-D625C8847D16}"
EndProject
Project("{FAE04EC0-301F-11D3-BF4B-00C04F79EFBC}") = "Digitalroot.Valheim.Dungeons.Common", "Digitalroot.Valheim.Dungeons.Common\Digitalroot.Valheim.Dungeons.Common.csproj", "{A7951E8A-CEA6-409F-A491-6592442B3307}"
EndProject
Project("{FAE04EC0-301F-11D3-BF4B-00C04F79EFBC}") = "Digitalroot.Valheim.Dungeons.OdinsHollow", "Digitalroot.Valheim.Dungeons.OdinsHollow\Digitalroot.Valheim.Dungeons.OdinsHollow.csproj", "{C4041FCC-C04D-4AAA-B736-906E282BCF2E}"
EndProject
Global
	GlobalSection(SolutionConfigurationPlatforms) = preSolution
		Debug|Any CPU = Debug|Any CPU
		OdinsHollowDebug|Any CPU = OdinsHollowDebug|Any CPU
		OdinsHollowRelease|Any CPU = OdinsHollowRelease|Any CPU
		Release|Any CPU = Release|Any CPU
	EndGlobalSection
	GlobalSection(ProjectConfigurationPlatforms) = postSolution
		{56A31091-B241-48FE-98DB-D625C8847D16}.Debug|Any CPU.ActiveCfg = Debug|Any CPU
		{56A31091-B241-48FE-98DB-D625C8847D16}.OdinsHollowDebug|Any CPU.ActiveCfg = Debug|Any CPU
		{56A31091-B241-48FE-98DB-D625C8847D16}.OdinsHollowDebug|Any CPU.Build.0 = Debug|Any CPU
		{56A31091-B241-48FE-98DB-D625C8847D16}.OdinsHollowRelease|Any CPU.ActiveCfg = Release|Any CPU
		{56A31091-B241-48FE-98DB-D625C8847D16}.OdinsHollowRelease|Any CPU.Build.0 = Release|Any CPU
		{56A31091-B241-48FE-98DB-D625C8847D16}.Release|Any CPU.ActiveCfg = Release|Any CPU
		{A7951E8A-CEA6-409F-A491-6592442B3307}.Debug|Any CPU.ActiveCfg = Debug|Any CPU
		{A7951E8A-CEA6-409F-A491-6592442B3307}.OdinsHollowDebug|Any CPU.ActiveCfg = Debug|Any CPU
		{A7951E8A-CEA6-409F-A491-6592442B3307}.OdinsHollowDebug|Any CPU.Build.0 = Debug|Any CPU
		{A7951E8A-CEA6-409F-A491-6592442B3307}.OdinsHollowRelease|Any CPU.ActiveCfg = Release|Any CPU
		{A7951E8A-CEA6-409F-A491-6592442B3307}.OdinsHollowRelease|Any CPU.Build.0 = Release|Any CPU
		{A7951E8A-CEA6-409F-A491-6592442B3307}.Release|Any CPU.ActiveCfg = Release|Any CPU
		{C4041FCC-C04D-4AAA-B736-906E282BCF2E}.Debug|Any CPU.ActiveCfg = Debug|Any CPU
		{C4041FCC-C04D-4AAA-B736-906E282BCF2E}.OdinsHollowDebug|Any CPU.ActiveCfg = Debug|Any CPU
		{C4041FCC-C04D-4AAA-B736-906E282BCF2E}.OdinsHollowDebug|Any CPU.Build.0 = Debug|Any CPU
		{C4041FCC-C04D-4AAA-B736-906E282BCF2E}.OdinsHollowRelease|Any CPU.ActiveCfg = Release|Any CPU
		{C4041FCC-C04D-4AAA-B736-906E282BCF2E}.OdinsHollowRelease|Any CPU.Build.0 = Release|Any CPU
		{C4041FCC-C04D-4AAA-B736-906E282BCF2E}.Release|Any CPU.ActiveCfg = Release|Any CPU
	EndGlobalSection
	GlobalSection(SolutionProperties) = preSolution
		HideSolutionNode = FALSE
	EndGlobalSection
	GlobalSection(NestedProjects) = preSolution
		{E64D67E6-C2B6-471C-990D-2E9A91427B64} = {E5C5D2B9-639B-48CF-B5B0-E44FD7F24B1E}
		{1960DCD1-3C51-48FF-BFF8-5FE4C3CBABB2} = {E64D67E6-C2B6-471C-990D-2E9A91427B64}
		{ECE65B8A-4208-4EC7-AC71-D853048978AA} = {E5C5D2B9-639B-48CF-B5B0-E44FD7F24B1E}
	EndGlobalSection
	GlobalSection(ExtensibilityGlobals) = postSolution
		SolutionGuid = {46DD4389-95C4-4F57-BB16-2A9A816F46B9}
	EndGlobalSection
EndGlobal
